
Microsoft Visual Studio Solution File, Format Version 12.00
# Visual Studio Version 17
VisualStudioVersion = 17.7.34221.43
MinimumVisualStudioVersion = 10.0.40219.1
Project("{FAE04EC0-301F-11D3-BF4B-00C04F79EFBC}") = "upp1", "upp1.csproj", "{37DC28EB-4F18-4076-BA8A-C41E63F2DBA6}"
EndProject
Global
	GlobalSection(SolutionConfigurationPlatforms) = preSolution
		Debug|Any CPU = Debug|Any CPU
		Release|Any CPU = Release|Any CPU
	EndGlobalSection
	GlobalSection(ProjectConfigurationPlatforms) = postSolution
		{37DC28EB-4F18-4076-BA8A-C41E63F2DBA6}.Debug|Any CPU.ActiveCfg = Debug|Any CPU
		{37DC28EB-4F18-4076-BA8A-C41E63F2DBA6}.Debug|Any CPU.Build.0 = Debug|Any CPU
		{37DC28EB-4F18-4076-BA8A-C41E63F2DBA6}.Release|Any CPU.ActiveCfg = Release|Any CPU
		{37DC28EB-4F18-4076-BA8A-C41E63F2DBA6}.Release|Any CPU.Build.0 = Release|Any CPU
	EndGlobalSection
	GlobalSection(SolutionProperties) = preSolution
		HideSolutionNode = FALSE
	EndGlobalSection
	GlobalSection(ExtensibilityGlobals) = postSolution
		SolutionGuid = {952CA9AA-62EB-496A-B24B-E21F96A67F84}
	EndGlobalSection
EndGlobal
